
Microsoft Visual Studio Solution File, Format Version 12.00
# Visual Studio Version 16
VisualStudioVersion = 16.0.30406.217
MinimumVisualStudioVersion = 10.0.40219.1
Project("{FAE04EC0-301F-11D3-BF4B-00C04F79EFBC}") = "ProductMVC", "ProductMVC.csproj", "{6289FCD9-330B-47C3-9A9B-5E2569A62619}"
EndProject
Global
	GlobalSection(SolutionConfigurationPlatforms) = preSolution
		Debug|Any CPU = Debug|Any CPU
		Release|Any CPU = Release|Any CPU
	EndGlobalSection
	GlobalSection(ProjectConfigurationPlatforms) = postSolution
		{6289FCD9-330B-47C3-9A9B-5E2569A62619}.Debug|Any CPU.ActiveCfg = Debug|Any CPU
		{6289FCD9-330B-47C3-9A9B-5E2569A62619}.Debug|Any CPU.Build.0 = Debug|Any CPU
		{6289FCD9-330B-47C3-9A9B-5E2569A62619}.Release|Any CPU.ActiveCfg = Release|Any CPU
		{6289FCD9-330B-47C3-9A9B-5E2569A62619}.Release|Any CPU.Build.0 = Release|Any CPU
	EndGlobalSection
	GlobalSection(SolutionProperties) = preSolution
		HideSolutionNode = FALSE
	EndGlobalSection
	GlobalSection(ExtensibilityGlobals) = postSolution
		SolutionGuid = {332F2FF1-FA6D-4B41-A70D-30450139F0DA}
	EndGlobalSection
EndGlobal
