
Microsoft Visual Studio Solution File, Format Version 12.00
# Visual Studio Version 16
VisualStudioVersion = 16.0.30406.217
MinimumVisualStudioVersion = 10.0.40219.1
Project("{FAE04EC0-301F-11D3-BF4B-00C04F79EFBC}") = "MovieCustomerMVCAppWithAuthen", "MovieCustomerMVCAppWithAuthen.csproj", "{F74FF26C-671C-494A-99BD-B50C1D538398}"
EndProject
Global
	GlobalSection(SolutionConfigurationPlatforms) = preSolution
		Debug|Any CPU = Debug|Any CPU
		Release|Any CPU = Release|Any CPU
	EndGlobalSection
	GlobalSection(ProjectConfigurationPlatforms) = postSolution
		{F74FF26C-671C-494A-99BD-B50C1D538398}.Debug|Any CPU.ActiveCfg = Debug|Any CPU
		{F74FF26C-671C-494A-99BD-B50C1D538398}.Debug|Any CPU.Build.0 = Debug|Any CPU
		{F74FF26C-671C-494A-99BD-B50C1D538398}.Release|Any CPU.ActiveCfg = Release|Any CPU
		{F74FF26C-671C-494A-99BD-B50C1D538398}.Release|Any CPU.Build.0 = Release|Any CPU
	EndGlobalSection
	GlobalSection(SolutionProperties) = preSolution
		HideSolutionNode = FALSE
	EndGlobalSection
	GlobalSection(ExtensibilityGlobals) = postSolution
		SolutionGuid = {0C1D3EC6-DB96-475E-BE4F-BCD58BEFB1E5}
	EndGlobalSection
EndGlobal
